Microsoft Visual Studio Solution File, Format Version 12.00
# Visual Studio 15
VisualStudioVersion = 15.0.27703.1
MinimumVisualStudioVersion = 10.0.40219.1
Project("{8BC9CEB8-8B4A-11D0-8D11-00A0C91BC942}") = "main-app", "src\main-app\main-app.vcxproj", "{1A6DE26D-57B3-464A-8EF5-F921441D2A86}"
EndProject
Project("{8BC9CEB8-8B4A-11D0-8D11-00A0C91BC942}") = "complex-layout", "src\complext-layout\complex-layout.vcxproj", "{F9FBF3EB-B254-4D8E-94E2-3D29BD091395}"
EndProject
Project("{8BC9CEB8-8B4A-11D0-8D11-00A0C91BC942}") = "sparkline", "src\sparkline\sparkline.vcxproj", "{DFF04027-B1BD-481E-B51C-E5188B143E97}"
EndProject
Project("{8BC9CEB8-8B4A-11D0-8D11-00A0C91BC942}") = "row-column", "src\row-column\row-column.vcxproj", "{91FE4395-3DCF-4B36-8069-61359B6B9FA8}"
EndProject
Project("{8BC9CEB8-8B4A-11D0-8D11-00A0C91BC942}") = "nested-rows-columns", "src\nested-rows-columns\nested-rows-columns.vcxproj", "{B5E41CF7-4B1F-44C9-8674-865A77CBB690}"
EndProject
Project("{8BC9CEB8-8B4A-11D0-8D11-00A0C91BC942}") = "trackbar", "src\trackbar\trackbar.vcxproj", "{B8FA8D6A-E782-489F-B336-88EB712CBE8B}"
EndProject
Project("{8BC9CEB8-8B4A-11D0-8D11-00A0C91BC942}") = "on-image", "src\on-image\on-image.vcxproj", "{181C33B6-FFB5-4AB3-B969-A0A2DC74E7F8}"
EndProject
Project("{8BC9CEB8-8B4A-11D0-8D11-00A0C91BC942}") = "image-button", "src\image-button\image-button.vcxproj", "{23C6200D-EE1B-4E87-91C0-BD549903E8DB}"
EndProject
Project("{8BC9CEB8-8B4A-11D0-8D11-00A0C91BC942}") = "interaction-area", "src\interaction-area\interaction-area.vcxproj", "{E2432E1E-235C-4E6F-A79F-D95B0AE26A9A}"
EndProject
Project("{8BC9CEB8-8B4A-11D0-8D11-00A0C91BC942}") = "button-shortcut", "src\button-shortcut\button-shortcut.vcxproj", "{2CDEA893-4F0A-42CF-8052-4FC7F64B754E}"
EndProject
Project("{8BC9CEB8-8B4A-11D0-8D11-00A0C91BC942}") = "trackbar-complex", "src\trackbar-complex\trackbar-complex.vcxproj", "{8B4767FC-A49A-4DEA-B2AD-16A861BEC24B}"
EndProject
Project("{8BC9CEB8-8B4A-11D0-8D11-00A0C91BC942}") = "trackbar-sparkline", "src\trackbar-sparkline\trackbar-sparkline.vcxproj", "{F5E56E5A-D2E3-4D19-BE11-720E6E566085}"
EndProject
Project("{8BC9CEB8-8B4A-11D0-8D11-00A0C91BC942}") = "hello-world", "src\hello-world\hello-world.vcxproj", "{0A75F05D-D172-4FB7-8928-E2F3E2FE0A61}"
EndProject
Project("{8BC9CEB8-8B4A-11D0-8D11-00A0C91BC942}") = "multiple-windows", "src\multiple-windows\multiple-windows.vcxproj", "{82C11FD5-FC1B-413F-9847-7A8DD1536B46}"
EndProject
Project("{8BC9CEB8-8B4A-11D0-8D11-00A0C91BC942}") = "multiple-windows-complex", "src\multiple-windows-complex\multiple-windows-complex.vcxproj", "{DFE859A9-A794-43C9-B185-3D6F0D293E11}"
EndProject
Project("{8BC9CEB8-8B4A-11D0-8D11-00A0C91BC942}") = "mouse", "src\mouse\mouse.vcxproj", "{E4DFFC1B-C259-4A8E-B8FA-A8882324F7FF}"
EndProject
Project("{8BC9CEB8-8B4A-11D0-8D11-00A0C91BC942}") = "mouse-complex", "src\mouse-complex\mouse-complex.vcxproj", "{6FFAB51F-8037-47AC-A85A-4C61BABF8291}"
EndProject
Project("{8BC9CEB8-8B4A-11D0-8D11-00A0C91BC942}") = "mouse-complex-buttons", "src\mouse-complex-buttons\mouse-complex-buttons.vcxproj", "{095E1618-006A-4142-AA0E-DC66FEA1D0E4}"
EndProject
Project("{8BC9CEB8-8B4A-11D0-8D11-00A0C91BC942}") = "multiple-files", "src\multiple-files\multiple-files.vcxproj", "{2808F6A4-4C27-49D8-B0BF-C09CECFF6313}"
EndProject
Project("{8BC9CEB8-8B4A-11D0-8D11-00A0C91BC942}") = "multiple-windows-complex-mouse", "src\multiple-windows-complex-mouse\multiple-windows-complex-mouse.vcxproj", "{ECBD6377-E016-4846-B6CC-81349836A199}"
EndProject
Project("{8BC9CEB8-8B4A-11D0-8D11-00A0C91BC942}") = "multiple-windows-complex-dynamic", "src\multiple-windows-complex-dynamic\multiple-windows-complex-dynamic.vcxproj", "{5A51E582-AF0D-4A4A-88A3-4C896EDE8C17}"
EndProject
Project("{8BC9CEB8-8B4A-11D0-8D11-00A0C91BC942}") = "ui-enhanced-window-component", "src\ui-enhanced-window-component\ui-enhanced-window-component.vcxproj", "{88D56AA6-2DE7-4F88-8CD5-6142F4CC7342}"
EndProject
Project("{8BC9CEB8-8B4A-11D0-8D11-00A0C91BC942}") = "ui-enhanced-canny", "src\ui-enhanced-canny\ui-enhanced-canny.vcxproj", "{9CF8710D-ECFC-4092-905E-1A95C5FB481C}"
EndProject
Project("{8BC9CEB8-8B4A-11D0-8D11-00A0C91BC942}") = "canny", "src\canny\canny.vcxproj", "{D23A6CEA-B991-4F1C-AB71-03566B71ECAE}"
EndProject
Global
	GlobalSection(SolutionConfigurationPlatforms) = preSolution
		Debug|x64 = Debug|x64
		Release|x64 = Release|x64
	EndGlobalSection
	GlobalSection(ProjectConfigurationPlatforms) = postSolution
		{1A6DE26D-57B3-464A-8EF5-F921441D2A86}.Debug|x64.ActiveCfg = Debug|x64
		{1A6DE26D-57B3-464A-8EF5-F921441D2A86}.Debug|x64.Build.0 = Debug|x64
		{1A6DE26D-57B3-464A-8EF5-F921441D2A86}.Release|x64.ActiveCfg = Release|x64
		{1A6DE26D-57B3-464A-8EF5-F921441D2A86}.Release|x64.Build.0 = Release|x64
		{F9FBF3EB-B254-4D8E-94E2-3D29BD091395}.Debug|x64.ActiveCfg = Debug|x64
		{F9FBF3EB-B254-4D8E-94E2-3D29BD091395}.Debug|x64.Build.0 = Debug|x64
		{F9FBF3EB-B254-4D8E-94E2-3D29BD091395}.Release|x64.ActiveCfg = Release|x64
		{F9FBF3EB-B254-4D8E-94E2-3D29BD091395}.Release|x64.Build.0 = Release|x64
		{DFF04027-B1BD-481E-B51C-E5188B143E97}.Debug|x64.ActiveCfg = Debug|x64
		{DFF04027-B1BD-481E-B51C-E5188B143E97}.Debug|x64.Build.0 = Debug|x64
		{DFF04027-B1BD-481E-B51C-E5188B143E97}.Release|x64.ActiveCfg = Release|x64
		{DFF04027-B1BD-481E-B51C-E5188B143E97}.Release|x64.Build.0 = Release|x64
		{91FE4395-3DCF-4B36-8069-61359B6B9FA8}.Debug|x64.ActiveCfg = Debug|x64
		{91FE4395-3DCF-4B36-8069-61359B6B9FA8}.Debug|x64.Build.0 = Debug|x64
		{91FE4395-3DCF-4B36-8069-61359B6B9FA8}.Release|x64.ActiveCfg = Release|x64
		{91FE4395-3DCF-4B36-8069-61359B6B9FA8}.Release|x64.Build.0 = Release|x64
		{B5E41CF7-4B1F-44C9-8674-865A77CBB690}.Debug|x64.ActiveCfg = Debug|x64
		{B5E41CF7-4B1F-44C9-8674-865A77CBB690}.Debug|x64.Build.0 = Debug|x64
		{B5E41CF7-4B1F-44C9-8674-865A77CBB690}.Release|x64.ActiveCfg = Release|x64
		{B5E41CF7-4B1F-44C9-8674-865A77CBB690}.Release|x64.Build.0 = Release|x64
		{B8FA8D6A-E782-489F-B336-88EB712CBE8B}.Debug|x64.ActiveCfg = Debug|x64
		{B8FA8D6A-E782-489F-B336-88EB712CBE8B}.Debug|x64.Build.0 = Debug|x64
		{B8FA8D6A-E782-489F-B336-88EB712CBE8B}.Release|x64.ActiveCfg = Release|x64
		{B8FA8D6A-E782-489F-B336-88EB712CBE8B}.Release|x64.Build.0 = Release|x64
		{181C33B6-FFB5-4AB3-B969-A0A2DC74E7F8}.Debug|x64.ActiveCfg = Debug|x64
		{181C33B6-FFB5-4AB3-B969-A0A2DC74E7F8}.Debug|x64.Build.0 = Debug|x64
		{181C33B6-FFB5-4AB3-B969-A0A2DC74E7F8}.Release|x64.ActiveCfg = Release|x64
		{181C33B6-FFB5-4AB3-B969-A0A2DC74E7F8}.Release|x64.Build.0 = Release|x64
		{23C6200D-EE1B-4E87-91C0-BD549903E8DB}.Debug|x64.ActiveCfg = Debug|x64
		{23C6200D-EE1B-4E87-91C0-BD549903E8DB}.Debug|x64.Build.0 = Debug|x64
		{23C6200D-EE1B-4E87-91C0-BD549903E8DB}.Release|x64.ActiveCfg = Release|x64
		{23C6200D-EE1B-4E87-91C0-BD549903E8DB}.Release|x64.Build.0 = Release|x64
		{E2432E1E-235C-4E6F-A79F-D95B0AE26A9A}.Debug|x64.ActiveCfg = Debug|x64
		{E2432E1E-235C-4E6F-A79F-D95B0AE26A9A}.Debug|x64.Build.0 = Debug|x64
		{E2432E1E-235C-4E6F-A79F-D95B0AE26A9A}.Release|x64.ActiveCfg = Release|x64
		{E2432E1E-235C-4E6F-A79F-D95B0AE26A9A}.Release|x64.Build.0 = Release|x64
		{2CDEA893-4F0A-42CF-8052-4FC7F64B754E}.Debug|x64.ActiveCfg = Debug|x64
		{2CDEA893-4F0A-42CF-8052-4FC7F64B754E}.Debug|x64.Build.0 = Debug|x64
		{2CDEA893-4F0A-42CF-8052-4FC7F64B754E}.Release|x64.ActiveCfg = Release|x64
		{2CDEA893-4F0A-42CF-8052-4FC7F64B754E}.Release|x64.Build.0 = Release|x64
		{8B4767FC-A49A-4DEA-B2AD-16A861BEC24B}.Debug|x64.ActiveCfg = Debug|x64
		{8B4767FC-A49A-4DEA-B2AD-16A861BEC24B}.Debug|x64.Build.0 = Debug|x64
		{8B4767FC-A49A-4DEA-B2AD-16A861BEC24B}.Release|x64.ActiveCfg = Release|x64
		{8B4767FC-A49A-4DEA-B2AD-16A861BEC24B}.Release|x64.Build.0 = Release|x64
		{F5E56E5A-D2E3-4D19-BE11-720E6E566085}.Debug|x64.ActiveCfg = Debug|x64
		{F5E56E5A-D2E3-4D19-BE11-720E6E566085}.Debug|x64.Build.0 = Debug|x64
		{F5E56E5A-D2E3-4D19-BE11-720E6E566085}.Release|x64.ActiveCfg = Release|x64
		{F5E56E5A-D2E3-4D19-BE11-720E6E566085}.Release|x64.Build.0 = Release|x64
		{0A75F05D-D172-4FB7-8928-E2F3E2FE0A61}.Debug|x64.ActiveCfg = Debug|x64
		{0A75F05D-D172-4FB7-8928-E2F3E2FE0A61}.Debug|x64.Build.0 = Debug|x64
		{0A75F05D-D172-4FB7-8928-E2F3E2FE0A61}.Release|x64.ActiveCfg = Release|x64
		{0A75F05D-D172-4FB7-8928-E2F3E2FE0A61}.Release|x64.Build.0 = Release|x64
		{82C11FD5-FC1B-413F-9847-7A8DD1536B46}.Debug|x64.ActiveCfg = Debug|x64
		{82C11FD5-FC1B-413F-9847-7A8DD1536B46}.Debug|x64.Build.0 = Debug|x64
		{82C11FD5-FC1B-413F-9847-7A8DD1536B46}.Release|x64.ActiveCfg = Release|x64
		{82C11FD5-FC1B-413F-9847-7A8DD1536B46}.Release|x64.Build.0 = Release|x64
		{DFE859A9-A794-43C9-B185-3D6F0D293E11}.Debug|x64.ActiveCfg = Debug|x64
		{DFE859A9-A794-43C9-B185-3D6F0D293E11}.Debug|x64.Build.0 = Debug|x64
		{DFE859A9-A794-43C9-B185-3D6F0D293E11}.Release|x64.ActiveCfg = Release|x64
		{DFE859A9-A794-43C9-B185-3D6F0D293E11}.Release|x64.Build.0 = Release|x64
		{E4DFFC1B-C259-4A8E-B8FA-A8882324F7FF}.Debug|x64.ActiveCfg = Debug|x64
		{E4DFFC1B-C259-4A8E-B8FA-A8882324F7FF}.Debug|x64.Build.0 = Debug|x64
		{E4DFFC1B-C259-4A8E-B8FA-A8882324F7FF}.Release|x64.ActiveCfg = Release|x64
		{E4DFFC1B-C259-4A8E-B8FA-A8882324F7FF}.Release|x64.Build.0 = Release|x64
		{6FFAB51F-8037-47AC-A85A-4C61BABF8291}.Debug|x64.ActiveCfg = Debug|x64
		{6FFAB51F-8037-47AC-A85A-4C61BABF8291}.Debug|x64.Build.0 = Debug|x64
		{6FFAB51F-8037-47AC-A85A-4C61BABF8291}.Release|x64.ActiveCfg = Release|x64
		{6FFAB51F-8037-47AC-A85A-4C61BABF8291}.Release|x64.Build.0 = Release|x64
		{095E1618-006A-4142-AA0E-DC66FEA1D0E4}.Debug|x64.ActiveCfg = Debug|x64
		{095E1618-006A-4142-AA0E-DC66FEA1D0E4}.Debug|x64.Build.0 = Debug|x64
		{095E1618-006A-4142-AA0E-DC66FEA1D0E4}.Release|x64.ActiveCfg = Release|x64
		{095E1618-006A-4142-AA0E-DC66FEA1D0E4}.Release|x64.Build.0 = Release|x64
		{2808F6A4-4C27-49D8-B0BF-C09CECFF6313}.Debug|x64.ActiveCfg = Debug|x64
		{2808F6A4-4C27-49D8-B0BF-C09CECFF6313}.Debug|x64.Build.0 = Debug|x64
		{2808F6A4-4C27-49D8-B0BF-C09CECFF6313}.Release|x64.ActiveCfg = Release|x64
		{2808F6A4-4C27-49D8-B0BF-C09CECFF6313}.Release|x64.Build.0 = Release|x64
		{ECBD6377-E016-4846-B6CC-81349836A199}.Debug|x64.ActiveCfg = Debug|x64
		{ECBD6377-E016-4846-B6CC-81349836A199}.Debug|x64.Build.0 = Debug|x64
		{ECBD6377-E016-4846-B6CC-81349836A199}.Release|x64.ActiveCfg = Release|x64
		{ECBD6377-E016-4846-B6CC-81349836A199}.Release|x64.Build.0 = Release|x64
		{5A51E582-AF0D-4A4A-88A3-4C896EDE8C17}.Debug|x64.ActiveCfg = Debug|x64
		{5A51E582-AF0D-4A4A-88A3-4C896EDE8C17}.Debug|x64.Build.0 = Debug|x64
		{5A51E582-AF0D-4A4A-88A3-4C896EDE8C17}.Release|x64.ActiveCfg = Release|x64
		{5A51E582-AF0D-4A4A-88A3-4C896EDE8C17}.Release|x64.Build.0 = Release|x64
		{88D56AA6-2DE7-4F88-8CD5-6142F4CC7342}.Debug|x64.ActiveCfg = Debug|x64
		{88D56AA6-2DE7-4F88-8CD5-6142F4CC7342}.Debug|x64.Build.0 = Debug|x64
		{88D56AA6-2DE7-4F88-8CD5-6142F4CC7342}.Release|x64.ActiveCfg = Release|x64
		{88D56AA6-2DE7-4F88-8CD5-6142F4CC7342}.Release|x64.Build.0 = Release|x64
		{9CF8710D-ECFC-4092-905E-1A95C5FB481C}.Debug|x64.ActiveCfg = Debug|x64
		{9CF8710D-ECFC-4092-905E-1A95C5FB481C}.Debug|x64.Build.0 = Debug|x64
		{9CF8710D-ECFC-4092-905E-1A95C5FB481C}.Release|x64.ActiveCfg = Release|x64
		{9CF8710D-ECFC-4092-905E-1A95C5FB481C}.Release|x64.Build.0 = Release|x64
		{D23A6CEA-B991-4F1C-AB71-03566B71ECAE}.Debug|x64.ActiveCfg = Debug|x64
		{D23A6CEA-B991-4F1C-AB71-03566B71ECAE}.Debug|x64.Build.0 = Debug|x64
		{D23A6CEA-B991-4F1C-AB71-03566B71ECAE}.Release|x64.ActiveCfg = Release|x64
		{D23A6CEA-B991-4F1C-AB71-03566B71ECAE}.Release|x64.Build.0 = Release|x64
	EndGlobalSection
	GlobalSection(SolutionProperties) = preSolution
		HideSolutionNode = FALSE
	EndGlobalSection
	GlobalSection(ExtensibilityGlobals) = postSolution
		SolutionGuid = {9239402C-55D5-464E-9F9D-3926080A06DB}
	EndGlobalSection
EndGlobal
